<?xml version="1.0" encoding="utf-8"?>
<Project ToolsVersion="4.0" xmlns="http://schemas.microsoft.com/developer/msbuild/2003">
  <ItemGroup>
    <ClCompile Include="MrzArcoDesign.cpp" />
    <ClCompile Include="main.cpp" />
    <ClCompile Include="stdafx.cpp" />
    <ClCompile Include="View\MrzLeftMenuBarWidget.cpp">
      <Filter>View</Filter>
    </ClCompile>
    <ClCompile Include="View\MrzTitleBarWidget.cpp">
      <Filter>View</Filter>
    </ClCompile>
    <ClCompile Include="MrzWorkBenchWidget.cpp">
      <Filter>View\WelcomView</Filter>
    </ClCompile>
    <ClCompile Include="MrzWelcomSubLabel.cpp">
      <Filter>View\WelcomView\Subcomponents</Filter>
    </ClCompile>
    <ClCompile Include="MrzPopularOnlineWidget.cpp">
      <Filter>View\WelcomView\Subcomponents</Filter>
    </ClCompile>
    <ClCompile Include="MrzTrendingContentWidget.cpp">
      <Filter>View\WelcomView\subWidget</Filter>
    </ClCompile>
    <ClCompile Include="MrzContentAnalogyWidget.cpp">
      <Filter>View\WelcomView\subWidget</Filter>
    </ClCompile>
    <ClCompile Include="MrzAnnouncementWidget.cpp">
      <Filter>View\WelcomView\subWidget</Filter>
    </ClCompile>
    <ClCompile Include="MrzHelpDocumentWidget.cpp">
      <Filter>View\WelcomView\subWidget</Filter>
    </ClCompile>
    <ClCompile Include="MrzPersonalCenterInterface.cpp">
      <Filter>View\PersonalCenter</Filter>
    </ClCompile>
    <ClCompile Include="View\PersonalCenter\MrzUserInformationWidget.cpp">
      <Filter>View\PersonalCenter\UserInformation</Filter>
    </ClCompile>
    <ClCompile Include="View\DataVisualization\MrzAnalysisPageWidget.cpp">
      <Filter>View\DataVisualization</Filter>
    </ClCompile>
  </ItemGroup>
  <ItemGroup>
    <ClInclude Include="stdafx.h" />
  </ItemGroup>
  <ItemGroup>
    <QtMoc Include="MrzArcoDesign.h" />
    <QtMoc Include="View\MrzLeftMenuBarWidget.h">
      <Filter>View</Filter>
    </QtMoc>
    <QtMoc Include="View\MrzTitleBarWidget.h">
      <Filter>View</Filter>
    </QtMoc>
    <QtMoc Include="MrzWorkBenchWidget.h">
      <Filter>View\WelcomView</Filter>
    </QtMoc>
    <QtMoc Include="MrzWelcomSubLabel.h">
      <Filter>View\WelcomView\Subcomponents</Filter>
    </QtMoc>
    <QtMoc Include="MrzPopularOnlineWidget.h">
      <Filter>View\WelcomView\Subcomponents</Filter>
    </QtMoc>
    <QtMoc Include="MrzTrendingContentWidget.h">
      <Filter>View\WelcomView\subWidget</Filter>
    </QtMoc>
    <QtMoc Include="MrzContentAnalogyWidget.h">
      <Filter>View\WelcomView\subWidget</Filter>
    </QtMoc>
    <QtMoc Include="MrzAnnouncementWidget.h">
      <Filter>View\WelcomView\subWidget</Filter>
    </QtMoc>
    <QtMoc Include="MrzHelpDocumentWidget.h">
      <Filter>View\WelcomView\subWidget</Filter>
    </QtMoc>
    <QtMoc Include="MrzPersonalCenterInterface.h">
      <Filter>View\PersonalCenter</Filter>
    </QtMoc>
    <QtMoc Include="View\PersonalCenter\MrzUserInformationWidget.h">
      <Filter>View\PersonalCenter\UserInformation</Filter>
    </QtMoc>
    <QtMoc Include="View\DataVisualization\MrzAnalysisPageWidget.h">
      <Filter>View\DataVisualization</Filter>
    </QtMoc>
  </ItemGroup>
  <ItemGroup>
    <Filter Include="View">
      <UniqueIdentifier>{2d685213-6657-4f33-b10e-be2c8c3e940d}</UniqueIdentifier>
    </Filter>
    <Filter Include="resourceUi">
      <UniqueIdentifier>{10348aa5-ffab-4577-8388-d3545b867864}</UniqueIdentifier>
    </Filter>
    <Filter Include="View\WelcomView">
      <UniqueIdentifier>{9b656151-3cf5-4178-9517-54a1a3afa5a4}</UniqueIdentifier>
    </Filter>
    <Filter Include="View\WelcomView\Subcomponents">
      <UniqueIdentifier>{8baef4e9-ef00-4b54-821e-0a88a87b7bd4}</UniqueIdentifier>
    </Filter>
    <Filter Include="View\WelcomView\subWidget">
      <UniqueIdentifier>{22a12a52-3afd-4b69-a58b-7132751bb57e}</UniqueIdentifier>
    </Filter>
    <Filter Include="View\PersonalCenter">
      <UniqueIdentifier>{b5cb382e-be9e-42de-a434-85f3f6455281}</UniqueIdentifier>
    </Filter>
    <Filter Include="View\PersonalCenter\UserInformation">
      <UniqueIdentifier>{48a7fab2-58d9-46c9-8d23-1f0de2a278f0}</UniqueIdentifier>
    </Filter>
    <Filter Include="View\PersonalCenter\UserSettings">
      <UniqueIdentifier>{3eb541ee-11a1-4194-9db8-05b759ebc5dd}</UniqueIdentifier>
    </Filter>
    <Filter Include="View\DataVisualization">
      <UniqueIdentifier>{daa36955-f2ea-4c9b-9735-bd2de347b8a0}</UniqueIdentifier>
    </Filter>
  </ItemGroup>
  <ItemGroup>
    <QtUic Include="MrzArcoDesign.ui">
      <Filter>resourceUi</Filter>
    </QtUic>
  </ItemGroup>
  <ItemGroup>
    <QtRcc Include="MrzArcoDesign.qrc">
      <Filter>resourceUi</Filter>
    </QtRcc>
  </ItemGroup>
</Project>